
Microsoft Visual Studio Solution File, Format Version 12.00
# Visual Studio Version 17
VisualStudioVersion = 17.4.33205.214
MinimumVisualStudioVersion = 10.0.40219.1
Project("{FAE04EC0-301F-11D3-BF4B-00C04F79EFBC}") = "exTacaPortugal", "exTacaPortugal\exTacaPortugal.csproj", "{CC120C97-F057-4074-8EEC-AFE56A492AA4}"
EndProject
Global
	GlobalSection(SolutionConfigurationPlatforms) = preSolution
		Debug|Any CPU = Debug|Any CPU
		Release|Any CPU = Release|Any CPU
	EndGlobalSection
	GlobalSection(ProjectConfigurationPlatforms) = postSolution
		{CC120C97-F057-4074-8EEC-AFE56A492AA4}.Debug|Any CPU.ActiveCfg = Debug|Any CPU
		{CC120C97-F057-4074-8EEC-AFE56A492AA4}.Debug|Any CPU.Build.0 = Debug|Any CPU
		{CC120C97-F057-4074-8EEC-AFE56A492AA4}.Release|Any CPU.ActiveCfg = Release|Any CPU
		{CC120C97-F057-4074-8EEC-AFE56A492AA4}.Release|Any CPU.Build.0 = Release|Any CPU
	EndGlobalSection
	GlobalSection(SolutionProperties) = preSolution
		HideSolutionNode = FALSE
	EndGlobalSection
	GlobalSection(ExtensibilityGlobals) = postSolution
		SolutionGuid = {C933B377-30C6-4507-87EF-CAEFE042F418}
	EndGlobalSection
EndGlobal
